
Microsoft Visual Studio Solution File, Format Version 12.00
# Visual Studio Version 16
VisualStudioVersion = 16.0.29411.138
MinimumVisualStudioVersion = 10.0.40219.1
Project("{FAE04EC0-301F-11D3-BF4B-00C04F79EFBC}") = "Restaurant.Server", "Restaurant\Server\Restaurant.Server.csproj", "{3F95B0CD-D5CA-4B67-99FC-B08CA9E7DC83}"
EndProject
Project("{FAE04EC0-301F-11D3-BF4B-00C04F79EFBC}") = "Restaurant.Client", "Restaurant\Client\Restaurant.Client.csproj", "{529E1F2C-5B71-4CD5-B12A-88CE338A93A3}"
EndProject
Project("{FAE04EC0-301F-11D3-BF4B-00C04F79EFBC}") = "Restaurant.Shared", "Restaurant\Shared\Restaurant.Shared.csproj", "{C0A19102-EFB0-4A91-AABD-10CEF91B74BE}"
EndProject
Global
	GlobalSection(SolutionConfigurationPlatforms) = preSolution
		Debug|Any CPU = Debug|Any CPU
		Release|Any CPU = Release|Any CPU
	EndGlobalSection
	GlobalSection(ProjectConfigurationPlatforms) = postSolution
		{3F95B0CD-D5CA-4B67-99FC-B08CA9E7DC83}.Debug|Any CPU.ActiveCfg = Debug|Any CPU
		{3F95B0CD-D5CA-4B67-99FC-B08CA9E7DC83}.Debug|Any CPU.Build.0 = Debug|Any CPU
		{3F95B0CD-D5CA-4B67-99FC-B08CA9E7DC83}.Release|Any CPU.ActiveCfg = Release|Any CPU
		{3F95B0CD-D5CA-4B67-99FC-B08CA9E7DC83}.Release|Any CPU.Build.0 = Release|Any CPU
		{529E1F2C-5B71-4CD5-B12A-88CE338A93A3}.Debug|Any CPU.ActiveCfg = Debug|Any CPU
		{529E1F2C-5B71-4CD5-B12A-88CE338A93A3}.Debug|Any CPU.Build.0 = Debug|Any CPU
		{529E1F2C-5B71-4CD5-B12A-88CE338A93A3}.Release|Any CPU.ActiveCfg = Release|Any CPU
		{529E1F2C-5B71-4CD5-B12A-88CE338A93A3}.Release|Any CPU.Build.0 = Release|Any CPU
		{C0A19102-EFB0-4A91-AABD-10CEF91B74BE}.Debug|Any CPU.ActiveCfg = Debug|Any CPU
		{C0A19102-EFB0-4A91-AABD-10CEF91B74BE}.Debug|Any CPU.Build.0 = Debug|Any CPU
		{C0A19102-EFB0-4A91-AABD-10CEF91B74BE}.Release|Any CPU.ActiveCfg = Release|Any CPU
		{C0A19102-EFB0-4A91-AABD-10CEF91B74BE}.Release|Any CPU.Build.0 = Release|Any CPU
	EndGlobalSection
	GlobalSection(SolutionProperties) = preSolution
		HideSolutionNode = FALSE
	EndGlobalSection
	GlobalSection(ExtensibilityGlobals) = postSolution
		SolutionGuid = {C1208F79-F027-4738-9894-1405141885BC}
	EndGlobalSection
EndGlobal
